// !$*UTF8*$!
{
	archiveVersion = 1;
	classes = {
	};
	objectVersion = 77;
	objects = {

/* Begin PBXContainerItemProxy section */
		DB98E08D2DDA17800097DF96 /* PBXContainerItemProxy */ = {
			isa = PBXContainerItemProxy;
			containerPortal = DB98E0722DDA177E0097DF96 /* Project object */;
			proxyType = 1;
			remoteGlobalIDString = DB98E0792DDA177E0097DF96;
			remoteInfo = "todo-app";
		};
		DB98E0972DDA17800097DF96 /* PBXContainerItemProxy */ = {
			isa = PBXContainerItemProxy;
			containerPortal = DB98E0722DDA177E0097DF96 /* Project object */;
			proxyType = 1;
			remoteGlobalIDString = DB98E0792DDA177E0097DF96;
			remoteInfo = "todo-app";
		};
/* End PBXContainerItemProxy section */

/* Begin PBXFileReference section */
		DB98E07A2DDA177E0097DF96 /* CHECKLIST.app */ = {isa = PBXFileReference; explicitFileType = wrapper.application; includeInIndex = 0; path = CHECKLIST.app; sourceTree = BUILT_PRODUCTS_DIR; };
		DB98E08C2DDA17800097DF96 /* CHECKLISTTests.xctest */ = {isa = PBXFileReference; explicitFileType = wrapper.cfbundle; includeInIndex = 0; path = CHECKLISTTests.xctest; sourceTree = BUILT_PRODUCTS_DIR; };
		DB98E0962DDA17800097DF96 /* CHECKLISTUITests.xctest */ = {isa = PBXFileReference; explicitFileType = wrapper.cfbundle; includeInIndex = 0; path = CHECKLISTUITests.xctest; sourceTree = BUILT_PRODUCTS_DIR; };
/* End PBXFileReference section */

/* Begin PBXFileSystemSynchronizedRootGroup section */
		DB98E07C2DDA177E0097DF96 /* todo-app */ = {
			isa = PBXFileSystemSynchronizedRootGroup;
			path = "todo-app";
			sourceTree = "<group>";
		};
		DB98E08F2DDA17800097DF96 /* todo-appTests */ = {
			isa = PBXFileSystemSynchronizedRootGroup;
			path = "todo-appTests";
			sourceTree = "<group>";
		};
		DB98E0992DDA17800097DF96 /* todo-appUITests */ = {
			isa = PBXFileSystemSynchronizedRootGroup;
			path = "todo-appUITests";
			sourceTree = "<group>";
		};
/* End PBXFileSystemSynchronizedRootGroup section */

/* Begin PBXFrameworksBuildPhase section */
		DB98E0772DDA177E0097DF96 /* Frameworks */ = {
			isa = PBXFrameworksBuildPhase;
			buildActionMask = 2147483647;
			files = (
			);
			runOnlyForDeploymentPostprocessing = 0;
		};
		DB98E0892DDA17800097DF96 /* Frameworks */ = {
			isa = PBXFrameworksBuildPhase;
			buildActionMask = 2147483647;
			files = (
			);
			runOnlyForDeploymentPostprocessing = 0;
		};
		DB98E0932DDA17800097DF96 /* Frameworks */ = {
			isa = PBXFrameworksBuildPhase;
			buildActionMask = 2147483647;
			files = (
			);
			runOnlyForDeploymentPostprocessing = 0;
		};
/* End PBXFrameworksBuildPhase section */

/* Begin PBXGroup section */
		DB98E0712DDA177E0097DF96 = {
			isa = PBXGroup;
			children = (
				DB98E07C2DDA177E0097DF96 /* todo-app */,
				DB98E08F2DDA17800097DF96 /* todo-appTests */,
				DB98E0992DDA17800097DF96 /* todo-appUITests */,
				DB98E07B2DDA177E0097DF96 /* Products */,
			);
			sourceTree = "<group>";
		};
		DB98E07B2DDA177E0097DF96 /* Products */ = {
			isa = PBXGroup;
			children = (
				DB98E07A2DDA177E0097DF96 /* CHECKLIST.app */,
				DB98E08C2DDA17800097DF96 /* CHECKLISTTests.xctest */,
				DB98E0962DDA17800097DF96 /* CHECKLISTUITests.xctest */,
			);
			name = Products;
			sourceTree = "<group>";
		};
/* End PBXGroup section */

/* Begin PBXNativeTarget section */
		DB98E0792DDA177E0097DF96 /* CHECKLIST */ = {
			isa = PBXNativeTarget;
			buildConfigurationList = DB98E0A02DDA17800097DF96 /* Build configuration list for PBXNativeTarget "CHECKLIST" */;
			buildPhases = (
				DB98E0762DDA177E0097DF96 /* Sources */,
				DB98E0772DDA177E0097DF96 /* Frameworks */,
				DB98E0782DDA177E0097DF96 /* Resources */,
			);
			buildRules = (
			);
			dependencies = (
			);
			fileSystemSynchronizedGroups = (
				DB98E07C2DDA177E0097DF96 /* todo-app */,
			);
			name = CHECKLIST;
			packageProductDependencies = (
			);
			productName = "todo-app";
			productReference = DB98E07A2DDA177E0097DF96 /* CHECKLIST.app */;
			productType = "com.apple.product-type.application";
		};
		DB98E08B2DDA17800097DF96 /* CHECKLISTTests */ = {
			isa = PBXNativeTarget;
			buildConfigurationList = DB98E0A32DDA17800097DF96 /* Build configuration list for PBXNativeTarget "CHECKLISTTests" */;
			buildPhases = (
				DB98E0882DDA17800097DF96 /* Sources */,
				DB98E0892DDA17800097DF96 /* Frameworks */,
				DB98E08A2DDA17800097DF96 /* Resources */,
			);
			buildRules = (
			);
			dependencies = (
				DB98E08E2DDA17800097DF96 /* PBXTargetDependency */,
			);
			fileSystemSynchronizedGroups = (
				DB98E08F2DDA17800097DF96 /* todo-appTests */,
			);
			name = CHECKLISTTests;
			packageProductDependencies = (
			);
			productName = "todo-appTests";
			productReference = DB98E08C2DDA17800097DF96 /* CHECKLISTTests.xctest */;
			productType = "com.apple.product-type.bundle.unit-test";
		};
		DB98E0952DDA17800097DF96 /* CHECKLISTUITests */ = {
			isa = PBXNativeTarget;
			buildConfigurationList = DB98E0A62DDA17800097DF96 /* Build configuration list for PBXNativeTarget "CHECKLISTUITests" */;
			buildPhases = (
				DB98E0922DDA17800097DF96 /* Sources */,
				DB98E0932DDA17800097DF96 /* Frameworks */,
				DB98E0942DDA17800097DF96 /* Resources */,
			);
			buildRules = (
			);
			dependencies = (
				DB98E0982DDA17800097DF96 /* PBXTargetDependency */,
			);
			fileSystemSynchronizedGroups = (
				DB98E0992DDA17800097DF96 /* todo-appUITests */,
			);
			name = CHECKLISTUITests;
			packageProductDependencies = (
			);
			productName = "todo-appUITests";
			productReference = DB98E0962DDA17800097DF96 /* CHECKLISTUITests.xctest */;
			productType = "com.apple.product-type.bundle.ui-testing";
		};
/* End PBXNativeTarget section */

/* Begin PBXProject section */
		DB98E0722DDA177E0097DF96 /* Project object */ = {
			isa = PBXProject;
			attributes = {
				BuildIndependentTargetsInParallel = 1;
				LastSwiftUpdateCheck = 1630;
				LastUpgradeCheck = 1630;
				TargetAttributes = {
					DB98E0792DDA177E0097DF96 = {
						CreatedOnToolsVersion = 16.3;
					};
					DB98E08B2DDA17800097DF96 = {
						CreatedOnToolsVersion = 16.3;
						TestTargetID = DB98E0792DDA177E0097DF96;
					};
					DB98E0952DDA17800097DF96 = {
						CreatedOnToolsVersion = 16.3;
						TestTargetID = DB98E0792DDA177E0097DF96;
					};
				};
			};
			buildConfigurationList = DB98E0752DDA177E0097DF96 /* Build configuration list for PBXProject "CHECKLIST" */;
			developmentRegion = en;
			hasScannedForEncodings = 0;
			knownRegions = (
				en,
				Base,
			);
			mainGroup = DB98E0712DDA177E0097DF96;
			minimizedProjectReferenceProxies = 1;
			preferredProjectObjectVersion = 77;
			productRefGroup = DB98E07B2DDA177E0097DF96 /* Products */;
			projectDirPath = "";
			projectRoot = "";
			targets = (
				DB98E0792DDA177E0097DF96 /* CHECKLIST */,
				DB98E08B2DDA17800097DF96 /* CHECKLISTTests */,
				DB98E0952DDA17800097DF96 /* CHECKLISTUITests */,
			);
		};
/* End PBXProject section */

/* Begin PBXResourcesBuildPhase section */
		DB98E0782DDA177E0097DF96 /* Resources */ = {
			isa = PBXResourcesBuildPhase;
			buildActionMask = 2147483647;
			files = (
			);
			runOnlyForDeploymentPostprocessing = 0;
		};
		DB98E08A2DDA17800097DF96 /* Resources */ = {
			isa = PBXResourcesBuildPhase;
			buildActionMask = 2147483647;
			files = (
			);
			runOnlyForDeploymentPostprocessing = 0;
		};
		DB98E0942DDA17800097DF96 /* Resources */ = {
			isa = PBXResourcesBuildPhase;
			buildActionMask = 2147483647;
			files = (
			);
			runOnlyForDeploymentPostprocessing = 0;
		};
/* End PBXResourcesBuildPhase section */

/* Begin PBXSourcesBuildPhase section */
		DB98E0762DDA177E0097DF96 /* Sources */ = {
			isa = PBXSourcesBuildPhase;
			buildActionMask = 2147483647;
			files = (
			);
			runOnlyForDeploymentPostprocessing = 0;
		};
		DB98E0882DDA17800097DF96 /* Sources */ = {
			isa = PBXSourcesBuildPhase;
			buildActionMask = 2147483647;
			files = (
			);
			runOnlyForDeploymentPostprocessing = 0;
		};
		DB98E0922DDA17800097DF96 /* Sources */ = {
			isa = PBXSourcesBuildPhase;
			buildActionMask = 2147483647;
			files = (
			);
			runOnlyForDeploymentPostprocessing = 0;
		};
/* End PBXSourcesBuildPhase section */

/* Begin PBXTargetDependency section */
		DB98E08E2DDA17800097DF96 /* PBXTargetDependency */ = {
			isa = PBXTargetDependency;
			target = DB98E0792DDA177E0097DF96 /* CHECKLIST */;
			targetProxy = DB98E08D2DDA17800097DF96 /* PBXContainerItemProxy */;
		};
		DB98E0982DDA17800097DF96 /* PBXTargetDependency */ = {
			isa = PBXTargetDependency;
			target = DB98E0792DDA177E0097DF96 /* CHECKLIST */;
			targetProxy = DB98E0972DDA17800097DF96 /* PBXContainerItemProxy */;
		};
/* End PBXTargetDependency section */

/* Begin XCBuildConfiguration section */
		DB98E09E2DDA17800097DF96 /* Debug */ = {
			isa = XCBuildConfiguration;
			buildSettings = {
				ALWAYS_SEARCH_USER_PATHS = NO;
				ASSETCATALOG_COMPILER_GENERATE_SWIFT_ASSET_SYMBOL_EXTENSIONS = YES;
				CLANG_ANALYZER_NONNULL = YES;
				CLANG_ANALYZER_NUMBER_OBJECT_CONVERSION = YES_AGGRESSIVE;
				CLANG_CXX_LANGUAGE_STANDARD = "gnu++20";
				CLANG_ENABLE_MODULES = YES;
				CLANG_ENABLE_OBJC_ARC = YES;
				CLANG_ENABLE_OBJC_WEAK = YES;
				CLANG_WARN_BLOCK_CAPTURE_AUTORELEASING = YES;
				CLANG_WARN_BOOL_CONVERSION = YES;
				CLANG_WARN_COMMA = YES;
				CLANG_WARN_CONSTANT_CONVERSION = YES;
				CLANG_WARN_DEPRECATED_OBJC_IMPLEMENTATIONS = YES;
				CLANG_WARN_DIRECT_OBJC_ISA_USAGE = YES_ERROR;
				CLANG_WARN_DOCUMENTATION_COMMENTS = YES;
				CLANG_WARN_EMPTY_BODY = YES;
				CLANG_WARN_ENUM_CONVERSION = YES;
				CLANG_WARN_INFINITE_RECURSION = YES;
				CLANG_WARN_INT_CONVERSION = YES;
				CLANG_WARN_NON_LITERAL_NULL_CONVERSION = YES;
				CLANG_WARN_OBJC_IMPLICIT_RETAIN_SELF = YES;
				CLANG_WARN_OBJC_LITERAL_CONVERSION = YES;
				CLANG_WARN_OBJC_ROOT_CLASS = YES_ERROR;
				CLANG_WARN_QUOTED_INCLUDE_IN_FRAMEWORK_HEADER = YES;
				CLANG_WARN_RANGE_LOOP_ANALYSIS = YES;
				CLANG_WARN_STRICT_PROTOTYPES = YES;
				CLANG_WARN_SUSPICIOUS_MOVE = YES;
				CLANG_WARN_UNGUARDED_AVAILABILITY = YES_AGGRESSIVE;
				CLANG_WARN_UNREACHABLE_CODE = YES;
				CLANG_WARN__DUPLICATE_METHOD_MATCH = YES;
				COPY_PHASE_STRIP = NO;
				DEBUG_INFORMATION_FORMAT = dwarf;
				DEVELOPMENT_TEAM = Y84B2379L2;
				ENABLE_STRICT_OBJC_MSGSEND = YES;
				ENABLE_TESTABILITY = YES;
				ENABLE_USER_SCRIPT_SANDBOXING = YES;
				GCC_C_LANGUAGE_STANDARD = gnu17;
				GCC_DYNAMIC_NO_PIC = NO;
				GCC_NO_COMMON_BLOCKS = YES;
				GCC_OPTIMIZATION_LEVEL = 0;
				GCC_PREPROCESSOR_DEFINITIONS = (
					"DEBUG=1",
					"$(inherited)",
				);
				GCC_WARN_64_TO_32_BIT_CONVERSION = YES;
				GCC_WARN_ABOUT_RETURN_TYPE = YES_ERROR;
				GCC_WARN_UNDECLARED_SELECTOR = YES;
				GCC_WARN_UNINITIALIZED_AUTOS = YES_AGGRESSIVE;
				GCC_WARN_UNUSED_FUNCTION = YES;
				GCC_WARN_UNUSED_VARIABLE = YES;
				IPHONEOS_DEPLOYMENT_TARGET = 18.4;
				LOCALIZATION_PREFERS_STRING_CATALOGS = YES;
				MTL_ENABLE_DEBUG_INFO = INCLUDE_SOURCE;
				MTL_FAST_MATH = YES;
				ONLY_ACTIVE_ARCH = YES;
				SDKROOT = iphoneos;
				SWIFT_ACTIVE_COMPILATION_CONDITIONS = "DEBUG $(inherited)";
				SWIFT_OPTIMIZATION_LEVEL = "-Onone";
			};
			name = Debug;
		};
		DB98E09F2DDA17800097DF96 /* Release */ = {
			isa = XCBuildConfiguration;
			buildSettings = {
				ALWAYS_SEARCH_USER_PATHS = NO;
				ASSETCATALOG_COMPILER_GENERATE_SWIFT_ASSET_SYMBOL_EXTENSIONS = YES;
				CLANG_ANALYZER_NONNULL = YES;
				CLANG_ANALYZER_NUMBER_OBJECT_CONVERSION = YES_AGGRESSIVE;
				CLANG_CXX_LANGUAGE_STANDARD = "gnu++20";
				CLANG_ENABLE_MODULES = YES;
				CLANG_ENABLE_OBJC_ARC = YES;
				CLANG_ENABLE_OBJC_WEAK = YES;
				CLANG_WARN_BLOCK_CAPTURE_AUTORELEASING = YES;
				CLANG_WARN_BOOL_CONVERSION = YES;
				CLANG_WARN_COMMA = YES;
				CLANG_WARN_CONSTANT_CONVERSION = YES;
				CLANG_WARN_DEPRECATED_OBJC_IMPLEMENTATIONS = YES;
				CLANG_WARN_DIRECT_OBJC_ISA_USAGE = YES_ERROR;
				CLANG_WARN_DOCUMENTATION_COMMENTS = YES;
				CLANG_WARN_EMPTY_BODY = YES;
				CLANG_WARN_ENUM_CONVERSION = YES;
				CLANG_WARN_INFINITE_RECURSION = YES;
				CLANG_WARN_INT_CONVERSION = YES;
				CLANG_WARN_NON_LITERAL_NULL_CONVERSION = YES;
				CLANG_WARN_OBJC_IMPLICIT_RETAIN_SELF = YES;
				CLANG_WARN_OBJC_LITERAL_CONVERSION = YES;
				CLANG_WARN_OBJC_ROOT_CLASS = YES_ERROR;
				CLANG_WARN_QUOTED_INCLUDE_IN_FRAMEWORK_HEADER = YES;
				CLANG_WARN_RANGE_LOOP_ANALYSIS = YES;
				CLANG_WARN_STRICT_PROTOTYPES = YES;
				CLANG_WARN_SUSPICIOUS_MOVE = YES;
				CLANG_WARN_UNGUARDED_AVAILABILITY = YES_AGGRESSIVE;
				CLANG_WARN_UNREACHABLE_CODE = YES;
				CLANG_WARN__DUPLICATE_METHOD_MATCH = YES;
				COPY_PHASE_STRIP = NO;
				DEBUG_INFORMATION_FORMAT = "dwarf-with-dsym";
				DEVELOPMENT_TEAM = Y84B2379L2;
				ENABLE_NS_ASSERTIONS = NO;
				ENABLE_STRICT_OBJC_MSGSEND = YES;
				ENABLE_USER_SCRIPT_SANDBOXING = YES;
				GCC_C_LANGUAGE_STANDARD = gnu17;
				GCC_NO_COMMON_BLOCKS = YES;
				GCC_WARN_64_TO_32_BIT_CONVERSION = YES;
				GCC_WARN_ABOUT_RETURN_TYPE = YES_ERROR;
				GCC_WARN_UNDECLARED_SELECTOR = YES;
				GCC_WARN_UNINITIALIZED_AUTOS = YES_AGGRESSIVE;
				GCC_WARN_UNUSED_FUNCTION = YES;
				GCC_WARN_UNUSED_VARIABLE = YES;
				IPHONEOS_DEPLOYMENT_TARGET = 18.4;
				LOCALIZATION_PREFERS_STRING_CATALOGS = YES;
				MTL_ENABLE_DEBUG_INFO = NO;
				MTL_FAST_MATH = YES;
				SDKROOT = iphoneos;
				SWIFT_COMPILATION_MODE = wholemodule;
				VALIDATE_PRODUCT = YES;
			};
			name = Release;
		};
		DB98E0A12DDA17800097DF96 /* Debug */ = {
			isa = XCBuildConfiguration;
			buildSettings = {
				ASSETCATALOG_COMPILER_APPICON_NAME = AppIcon;
				ASSETCATALOG_COMPILER_GLOBAL_ACCENT_COLOR_NAME = AccentColor;
				CODE_SIGN_STYLE = Automatic;
				CURRENT_PROJECT_VERSION = 1;
				DEVELOPMENT_TEAM = Y84B2379L2;
				ENABLE_PREVIEWS = YES;
				GENERATE_INFOPLIST_FILE = YES;
				INFOPLIST_KEY_UIApplicationSceneManifest_Generation = YES;
				INFOPLIST_KEY_UIApplicationSupportsIndirectInputEvents = YES;
				INFOPLIST_KEY_UILaunchScreen_Generation = YES;
				INFOPLIST_KEY_UISupportedInterfaceOrientations_iPad = "UIInterfaceOrientationPortrait UIInterfaceOrientationPortraitUpsideDown UIInterfaceOrientationLandscapeLeft UIInterfaceOrientationLandscapeRight";
				INFOPLIST_KEY_UISupportedInterfaceOrientations_iPhone = "UIInterfaceOrientationPortrait UIInterfaceOrientationLandscapeLeft UIInterfaceOrientationLandscapeRight";
				LD_RUNPATH_SEARCH_PATHS = (
					"$(inherited)",
					"@executable_path/Frameworks",
				);
				MARKETING_VERSION = 1.0;
				PRODUCT_BUNDLE_IDENTIFIER = "lupin-kis.todo-app";
				PRODUCT_NAME = "$(TARGET_NAME)";
				SWIFT_EMIT_LOC_STRINGS = YES;
				SWIFT_VERSION = 5.0;
				TARGETED_DEVICE_FAMILY = "1,2";
			};
			name = Debug;
		};
		DB98E0A22DDA17800097DF96 /* Release */ = {
			isa = XCBuildConfiguration;
			buildSettings = {
				ASSETCATALOG_COMPILER_APPICON_NAME = AppIcon;
				ASSETCATALOG_COMPILER_GLOBAL_ACCENT_COLOR_NAME = AccentColor;
				CODE_SIGN_STYLE = Automatic;
				CURRENT_PROJECT_VERSION = 1;
				DEVELOPMENT_TEAM = Y84B2379L2;
				ENABLE_PREVIEWS = YES;
				GENERATE_INFOPLIST_FILE = YES;
				INFOPLIST_KEY_UIApplicationSceneManifest_Generation = YES;
				INFOPLIST_KEY_UIApplicationSupportsIndirectInputEvents = YES;
				INFOPLIST_KEY_UILaunchScreen_Generation = YES;
				INFOPLIST_KEY_UISupportedInterfaceOrientations_iPad = "UIInterfaceOrientationPortrait UIInterfaceOrientationPortraitUpsideDown UIInterfaceOrientationLandscapeLeft UIInterfaceOrientationLandscapeRight";
				INFOPLIST_KEY_UISupportedInterfaceOrientations_iPhone = "UIInterfaceOrientationPortrait UIInterfaceOrientationLandscapeLeft UIInterfaceOrientationLandscapeRight";
				LD_RUNPATH_SEARCH_PATHS = (
					"$(inherited)",
					"@executable_path/Frameworks",
				);
				MARKETING_VERSION = 1.0;
				PRODUCT_BUNDLE_IDENTIFIER = "lupin-kis.todo-app";
				PRODUCT_NAME = "$(TARGET_NAME)";
				SWIFT_EMIT_LOC_STRINGS = YES;
				SWIFT_VERSION = 5.0;
				TARGETED_DEVICE_FAMILY = "1,2";
			};
			name = Release;
		};
		DB98E0A42DDA17800097DF96 /* Debug */ = {
			isa = XCBuildConfiguration;
			buildSettings = {
				BUNDLE_LOADER = "$(TEST_HOST)";
				CODE_SIGN_STYLE = Automatic;
				CURRENT_PROJECT_VERSION = 1;
				DEVELOPMENT_TEAM = Y84B2379L2;
				GENERATE_INFOPLIST_FILE = YES;
				IPHONEOS_DEPLOYMENT_TARGET = 18.4;
				MARKETING_VERSION = 1.0;
				PRODUCT_BUNDLE_IDENTIFIER = "lupin-kis.todo-appTests";
				PRODUCT_NAME = "$(TARGET_NAME)";
				SWIFT_EMIT_LOC_STRINGS = NO;
				SWIFT_VERSION = 5.0;
				TARGETED_DEVICE_FAMILY = "1,2";
				TEST_HOST = "$(BUILT_PRODUCTS_DIR)/CHECKLIST.app/$(BUNDLE_EXECUTABLE_FOLDER_PATH)/CHECKLIST";
			};
			name = Debug;
		};
		DB98E0A52DDA17800097DF96 /* Release */ = {
			isa = XCBuildConfiguration;
			buildSettings = {
				BUNDLE_LOADER = "$(TEST_HOST)";
				CODE_SIGN_STYLE = Automatic;
				CURRENT_PROJECT_VERSION = 1;
				DEVELOPMENT_TEAM = Y84B2379L2;
				GENERATE_INFOPLIST_FILE = YES;
				IPHONEOS_DEPLOYMENT_TARGET = 18.4;
				MARKETING_VERSION = 1.0;
				PRODUCT_BUNDLE_IDENTIFIER = "lupin-kis.todo-appTests";
				PRODUCT_NAME = "$(TARGET_NAME)";
				SWIFT_EMIT_LOC_STRINGS = NO;
				SWIFT_VERSION = 5.0;
				TARGETED_DEVICE_FAMILY = "1,2";
				TEST_HOST = "$(BUILT_PRODUCTS_DIR)/CHECKLIST.app/$(BUNDLE_EXECUTABLE_FOLDER_PATH)/CHECKLIST";
			};
			name = Release;
		};
		DB98E0A72DDA17800097DF96 /* Debug */ = {
			isa = XCBuildConfiguration;
			buildSettings = {
				CODE_SIGN_STYLE = Automatic;
				CURRENT_PROJECT_VERSION = 1;
				DEVELOPMENT_TEAM = Y84B2379L2;
				GENERATE_INFOPLIST_FILE = YES;
				MARKETING_VERSION = 1.0;
				PRODUCT_BUNDLE_IDENTIFIER = "lupin-kis.todo-appUITests";
				PRODUCT_NAME = "$(TARGET_NAME)";
				SWIFT_EMIT_LOC_STRINGS = NO;
				SWIFT_VERSION = 5.0;
				TARGETED_DEVICE_FAMILY = "1,2";
				TEST_TARGET_NAME = "todo-app";
			};
			name = Debug;
		};
		DB98E0A82DDA17800097DF96 /* Release */ = {
			isa = XCBuildConfiguration;
			buildSettings = {
				CODE_SIGN_STYLE = Automatic;
				CURRENT_PROJECT_VERSION = 1;
				DEVELOPMENT_TEAM = Y84B2379L2;
				GENERATE_INFOPLIST_FILE = YES;
				MARKETING_VERSION = 1.0;
				PRODUCT_BUNDLE_IDENTIFIER = "lupin-kis.todo-appUITests";
				PRODUCT_NAME = "$(TARGET_NAME)";
				SWIFT_EMIT_LOC_STRINGS = NO;
				SWIFT_VERSION = 5.0;
				TARGETED_DEVICE_FAMILY = "1,2";
				TEST_TARGET_NAME = "todo-app";
			};
			name = Release;
		};
/* End XCBuildConfiguration section */

/* Begin XCConfigurationList section */
		DB98E0752DDA177E0097DF96 /* Build configuration list for PBXProject "CHECKLIST" */ = {
			isa = XCConfigurationList;
			buildConfigurations = (
				DB98E09E2DDA17800097DF96 /* Debug */,
				DB98E09F2DDA17800097DF96 /* Release */,
			);
			defaultConfigurationIsVisible = 0;
			defaultConfigurationName = Release;
		};
		DB98E0A02DDA17800097DF96 /* Build configuration list for PBXNativeTarget "CHECKLIST" */ = {
			isa = XCConfigurationList;
			buildConfigurations = (
				DB98E0A12DDA17800097DF96 /* Debug */,
				DB98E0A22DDA17800097DF96 /* Release */,
			);
			defaultConfigurationIsVisible = 0;
			defaultConfigurationName = Release;
		};
		DB98E0A32DDA17800097DF96 /* Build configuration list for PBXNativeTarget "CHECKLISTTests" */ = {
			isa = XCConfigurationList;
			buildConfigurations = (
				DB98E0A42DDA17800097DF96 /* Debug */,
				DB98E0A52DDA17800097DF96 /* Release */,
			);
			defaultConfigurationIsVisible = 0;
			defaultConfigurationName = Release;
		};
		DB98E0A62DDA17800097DF96 /* Build configuration list for PBXNativeTarget "CHECKLISTUITests" */ = {
			isa = XCConfigurationList;
			buildConfigurations = (
				DB98E0A72DDA17800097DF96 /* Debug */,
				DB98E0A82DDA17800097DF96 /* Release */,
			);
			defaultConfigurationIsVisible = 0;
			defaultConfigurationName = Release;
		};
/* End XCConfigurationList section */
	};
	rootObject = DB98E0722DDA177E0097DF96 /* Project object */;
}
